<?xml version="1.0" encoding="utf-8"?>
<Project ToolsVersion="4.0" xmlns="http://schemas.microsoft.com/developer/msbuild/2003">
  <ItemGroup>
    <ClCompile Include="EndEnemy.cpp" />
    <ClCompile Include="Opponent.cpp" />
    <ClCompile Include="Main.cpp" />
    <ClCompile Include="PoisonTrap.cpp" />
    <ClCompile Include="Trap.cpp" />
    <ClCompile Include="Manager.cpp" />
    <ClCompile Include="MapLevel.cpp" />
  </ItemGroup>
  <ItemGroup>
    <ClInclude Include="EndEnemy.h" />
    <ClInclude Include="Opponent.h" />
    <ClInclude Include="PoisonTrap.h" />
    <ClInclude Include="Trap.h" />
    <ClInclude Include="Manager.h" />
    <ClInclude Include="MapLevel.h" />
  </ItemGroup>
</Project>